
Microsoft Visual Studio Solution File, Format Version 12.00
# Visual Studio Version 17
VisualStudioVersion = 17.14.36623.8 d17.14
MinimumVisualStudioVersion = 10.0.40219.1
Project("{FAE04EC0-301F-11D3-BF4B-00C04F79EFBC}") = "GestionEmpleados", "GestionEmpleados\GestionEmpleados.csproj", "{B8AC8523-67BE-4323-A587-AAEAE79A5858}"
EndProject
Global
	GlobalSection(SolutionConfigurationPlatforms) = preSolution
		Debug|Any CPU = Debug|Any CPU
		Release|Any CPU = Release|Any CPU
	EndGlobalSection
	GlobalSection(ProjectConfigurationPlatforms) = postSolution
		{B8AC8523-67BE-4323-A587-AAEAE79A5858}.Debug|Any CPU.ActiveCfg = Debug|Any CPU
		{B8AC8523-67BE-4323-A587-AAEAE79A5858}.Debug|Any CPU.Build.0 = Debug|Any CPU
		{B8AC8523-67BE-4323-A587-AAEAE79A5858}.Release|Any CPU.ActiveCfg = Release|Any CPU
		{B8AC8523-67BE-4323-A587-AAEAE79A5858}.Release|Any CPU.Build.0 = Release|Any CPU
	EndGlobalSection
	GlobalSection(SolutionProperties) = preSolution
		HideSolutionNode = FALSE
	EndGlobalSection
	GlobalSection(ExtensibilityGlobals) = postSolution
		SolutionGuid = {3D306943-76ED-4FCF-880C-0AE2622EDED4}
	EndGlobalSection
EndGlobal
